
Microsoft Visual Studio Solution File, Format Version 12.00
# Visual Studio 15
VisualStudioVersion = 15.0.28307.705
MinimumVisualStudioVersion = 10.0.40219.1
Project("{FAE04EC0-301F-11D3-BF4B-00C04F79EFBC}") = "LoginApplication", "LoginApplication\LoginApplication.csproj", "{B83547CA-E27D-4023-A7B9-91018691EDE4}"
EndProject
Project("{FAE04EC0-301F-11D3-BF4B-00C04F79EFBC}") = "UnitTestLogin", "UnitTestLogin\UnitTestLogin.csproj", "{A625CBC2-7543-49C9-9763-8B88B4496A71}"
EndProject
Global
	GlobalSection(SolutionConfigurationPlatforms) = preSolution
		Debug|Any CPU = Debug|Any CPU
		Release|Any CPU = Release|Any CPU
	EndGlobalSection
	GlobalSection(ProjectConfigurationPlatforms) = postSolution
		{B83547CA-E27D-4023-A7B9-91018691EDE4}.Debug|Any CPU.ActiveCfg = Debug|Any CPU
		{B83547CA-E27D-4023-A7B9-91018691EDE4}.Debug|Any CPU.Build.0 = Debug|Any CPU
		{B83547CA-E27D-4023-A7B9-91018691EDE4}.Release|Any CPU.ActiveCfg = Release|Any CPU
		{B83547CA-E27D-4023-A7B9-91018691EDE4}.Release|Any CPU.Build.0 = Release|Any CPU
		{A625CBC2-7543-49C9-9763-8B88B4496A71}.Debug|Any CPU.ActiveCfg = Debug|Any CPU
		{A625CBC2-7543-49C9-9763-8B88B4496A71}.Debug|Any CPU.Build.0 = Debug|Any CPU
		{A625CBC2-7543-49C9-9763-8B88B4496A71}.Release|Any CPU.ActiveCfg = Release|Any CPU
		{A625CBC2-7543-49C9-9763-8B88B4496A71}.Release|Any CPU.Build.0 = Release|Any CPU
	EndGlobalSection
	GlobalSection(SolutionProperties) = preSolution
		HideSolutionNode = FALSE
	EndGlobalSection
	GlobalSection(ExtensibilityGlobals) = postSolution
		SolutionGuid = {A152E484-3719-48E6-A3BF-38C85F883810}
	EndGlobalSection
EndGlobal
